{
  "name": "@caiquepessan/claude-account-manager",
  "version": "0.1.0",
  "lockfileVersion": 3,
  "requires": true,
  "packages": {
    "": {
      "name": "@caiquepessan/claude-account-manager",
      "version": "0.1.0",
      "license": "MIT",
      "bin": {
        "cam": "bin/cam.js",
        "claude-account-manager": "bin/cam.js"
      },
      "engines": {
        "node": ">=18.17.0"
      }
    }
  }
}
